<?xml version="1.0" encoding="utf-8"?>
<Project ToolsVersion="4.0" xmlns="http://schemas.microsoft.com/developer/msbuild/2003">
  <ItemGroup>
    <Filter Include="Source Files">
      <UniqueIdentifier>{4FC737F1-C7A5-4376-A066-2A32D752A2FF}</UniqueIdentifier>
      <Extensions>cpp;c;cc;cxx;def;odl;idl;hpj;bat;asm;asmx</Extensions>
    </Filter>
    <Filter Include="Header Files">
      <UniqueIdentifier>{93995380-89BD-4b04-88EB-625FBE52EBFB}</UniqueIdentifier>
      <Extensions>h;hpp;hxx;hm;inl;inc;xsd</Extensions>
    </Filter>
    <Filter Include="Resource Files">
      <UniqueIdentifier>{67DA6AB6-F800-4c08-8B7A-83BB121AAD01}</UniqueIdentifier>
      <Extensions>rc;ico;cur;bmp;dlg;rc2;rct;bin;rgs;gif;jpg;jpeg;jpe;resx;tiff;tif;png;wav</Extensions>
    </Filter>
    <Filter Include="openssl">
      <UniqueIdentifier>{763ba703-f250-4fe5-8c3d-0266a85f659a}</UniqueIdentifier>
    </Filter>
    <Filter Include="zlib">
      <UniqueIdentifier>{b194b154-c606-4308-974b-fb9d3d0c1753}</UniqueIdentifier>
    </Filter>
    <Filter Include="intelaes">
      <UniqueIdentifier>{28351d6b-fb58-4bbb-af51-55ecc049f7b7}</UniqueIdentifier>
    </Filter>
  </ItemGroup>
  <ItemGroup>
    <ClCompile Include="Cfg.c">
      <Filter>Source Files</Filter>
    </ClCompile>
    <ClCompile Include="Encrypt.c">
      <Filter>Source Files</Filter>
    </ClCompile>
    <ClCompile Include="FileIO.c">
      <Filter>Source Files</Filter>
    </ClCompile>
    <ClCompile Include="Internat.c">
      <Filter>Source Files</Filter>
    </ClCompile>
    <ClCompile Include="Kernel.c">
      <Filter>Source Files</Filter>
    </ClCompile>
    <ClCompile Include="Mayaqua.c">
      <Filter>Source Files</Filter>
    </ClCompile>
    <ClCompile Include="Memory.c">
      <Filter>Source Files</Filter>
    </ClCompile>
    <ClCompile Include="Microsoft.c">
      <Filter>Source Files</Filter>
    </ClCompile>
    <ClCompile Include="Network.c">
      <Filter>Source Files</Filter>
    </ClCompile>
    <ClCompile Include="Object.c">
      <Filter>Source Files</Filter>
    </ClCompile>
    <ClCompile Include="OS.c">
      <Filter>Source Files</Filter>
    </ClCompile>
    <ClCompile Include="Pack.c">
      <Filter>Source Files</Filter>
    </ClCompile>
    <ClCompile Include="Secure.c">
      <Filter>Source Files</Filter>
    </ClCompile>
    <ClCompile Include="Str.c">
      <Filter>Source Files</Filter>
    </ClCompile>
    <ClCompile Include="Table.c">
      <Filter>Source Files</Filter>
    </ClCompile>
    <ClCompile Include="TcpIp.c">
      <Filter>Source Files</Filter>
    </ClCompile>
    <ClCompile Include="Tick64.c">
      <Filter>Source Files</Filter>
    </ClCompile>
    <ClCompile Include="Tracking.c">
      <Filter>Source Files</Filter>
    </ClCompile>
    <ClCompile Include="Unix.c">
      <Filter>Source Files</Filter>
    </ClCompile>
    <ClCompile Include="Win32.c">
      <Filter>Source Files</Filter>
    </ClCompile>
  </ItemGroup>
  <ItemGroup>
    <ClInclude Include="Cfg.h">
      <Filter>Header Files</Filter>
    </ClInclude>
    <ClInclude Include="cryptoki.h">
      <Filter>Header Files</Filter>
    </ClInclude>
    <ClInclude Include="Encrypt.h">
      <Filter>Header Files</Filter>
    </ClInclude>
    <ClInclude Include="FileIO.h">
      <Filter>Header Files</Filter>
    </ClInclude>
    <ClInclude Include="Internat.h">
      <Filter>Header Files</Filter>
    </ClInclude>
    <ClInclude Include="Kernel.h">
      <Filter>Header Files</Filter>
    </ClInclude>
    <ClInclude Include="Mayaqua.h">
      <Filter>Header Files</Filter>
    </ClInclude>
    <ClInclude Include="MayaType.h">
      <Filter>Header Files</Filter>
    </ClInclude>
    <ClInclude Include="Memory.h">
      <Filter>Header Files</Filter>
    </ClInclude>
    <ClInclude Include="Microsoft.h">
      <Filter>Header Files</Filter>
    </ClInclude>
    <ClInclude Include="Network.h">
      <Filter>Header Files</Filter>
    </ClInclude>
    <ClInclude Include="Object.h">
      <Filter>Header Files</Filter>
    </ClInclude>
    <ClInclude Include="OS.h">
      <Filter>Header Files</Filter>
    </ClInclude>
    <ClInclude Include="Pack.h">
      <Filter>Header Files</Filter>
    </ClInclude>
    <ClInclude Include="pkcs11.h">
      <Filter>Header Files</Filter>
    </ClInclude>
    <ClInclude Include="pkcs11f.h">
      <Filter>Header Files</Filter>
    </ClInclude>
    <ClInclude Include="pkcs11t.h">
      <Filter>Header Files</Filter>
    </ClInclude>
    <ClInclude Include="Secure.h">
      <Filter>Header Files</Filter>
    </ClInclude>
    <ClInclude Include="Str.h">
      <Filter>Header Files</Filter>
    </ClInclude>
    <ClInclude Include="Table.h">
      <Filter>Header Files</Filter>
    </ClInclude>
    <ClInclude Include="TcpIp.h">
      <Filter>Header Files</Filter>
    </ClInclude>
    <ClInclude Include="Tick64.h">
      <Filter>Header Files</Filter>
    </ClInclude>
    <ClInclude Include="Tracking.h">
      <Filter>Header Files</Filter>
    </ClInclude>
    <ClInclude Include="TunTap.h">
      <Filter>Header Files</Filter>
    </ClInclude>
    <ClInclude Include="Unix.h">
      <Filter>Header Files</Filter>
    </ClInclude>
    <ClInclude Include="Win32.h">
      <Filter>Header Files</Filter>
    </ClInclude>
    <ClInclude Include="openssl\aes.h">
      <Filter>openssl</Filter>
    </ClInclude>
    <ClInclude Include="openssl\asn1.h">
      <Filter>openssl</Filter>
    </ClInclude>
    <ClInclude Include="openssl\asn1_mac.h">
      <Filter>openssl</Filter>
    </ClInclude>
    <ClInclude Include="openssl\asn1t.h">
      <Filter>openssl</Filter>
    </ClInclude>
    <ClInclude Include="openssl\async.h">
      <Filter>openssl</Filter>
    </ClInclude>
    <ClInclude Include="openssl\bio.h">
      <Filter>openssl</Filter>
    </ClInclude>
    <ClInclude Include="openssl\blowfish.h">
      <Filter>openssl</Filter>
    </ClInclude>
    <ClInclude Include="openssl\bn.h">
      <Filter>openssl</Filter>
    </ClInclude>
    <ClInclude Include="openssl\buffer.h">
      <Filter>openssl</Filter>
    </ClInclude>
    <ClInclude Include="openssl\camellia.h">
      <Filter>openssl</Filter>
    </ClInclude>
    <ClInclude Include="openssl\cast.h">
      <Filter>openssl</Filter>
    </ClInclude>
    <ClInclude Include="openssl\cmac.h">
      <Filter>openssl</Filter>
    </ClInclude>
    <ClInclude Include="openssl\cms.h">
      <Filter>openssl</Filter>
    </ClInclude>
    <ClInclude Include="openssl\comp.h">
      <Filter>openssl</Filter>
    </ClInclude>
    <ClInclude Include="openssl\conf.h">
      <Filter>openssl</Filter>
    </ClInclude>
    <ClInclude Include="openssl\conf_api.h">
      <Filter>openssl</Filter>
    </ClInclude>
    <ClInclude Include="openssl\crypto.h">
      <Filter>openssl</Filter>
    </ClInclude>
    <ClInclude Include="openssl\ct.h">
      <Filter>openssl</Filter>
    </ClInclude>
    <ClInclude Include="openssl\des.h">
      <Filter>openssl</Filter>
    </ClInclude>
    <ClInclude Include="openssl\dh.h">
      <Filter>openssl</Filter>
    </ClInclude>
    <ClInclude Include="openssl\dsa.h">
      <Filter>openssl</Filter>
    </ClInclude>
    <ClInclude Include="openssl\dso.h">
      <Filter>openssl</Filter>
    </ClInclude>
    <ClInclude Include="openssl\dtls1.h">
      <Filter>openssl</Filter>
    </ClInclude>
    <ClInclude Include="openssl\e_os2.h">
      <Filter>openssl</Filter>
    </ClInclude>
    <ClInclude Include="openssl\ebcdic.h">
      <Filter>openssl</Filter>
    </ClInclude>
    <ClInclude Include="openssl\ec.h">
      <Filter>openssl</Filter>
    </ClInclude>
    <ClInclude Include="openssl\ecdh.h">
      <Filter>openssl</Filter>
    </ClInclude>
    <ClInclude Include="openssl\ecdsa.h">
      <Filter>openssl</Filter>
    </ClInclude>
    <ClInclude Include="openssl\engine.h">
      <Filter>openssl</Filter>
    </ClInclude>
    <ClInclude Include="openssl\err.h">
      <Filter>openssl</Filter>
    </ClInclude>
    <ClInclude Include="openssl\evp.h">
      <Filter>openssl</Filter>
    </ClInclude>
    <ClInclude Include="openssl\hmac.h">
      <Filter>openssl</Filter>
    </ClInclude>
    <ClInclude Include="openssl\idea.h">
      <Filter>openssl</Filter>
    </ClInclude>
    <ClInclude Include="openssl\kdf.h">
      <Filter>openssl</Filter>
    </ClInclude>
    <ClInclude Include="openssl\lhash.h">
      <Filter>openssl</Filter>
    </ClInclude>
    <ClInclude Include="openssl\md4.h">
      <Filter>openssl</Filter>
    </ClInclude>
    <ClInclude Include="openssl\md5.h">
      <Filter>openssl</Filter>
    </ClInclude>
    <ClInclude Include="openssl\mdc2.h">
      <Filter>openssl</Filter>
    </ClInclude>
    <ClInclude Include="openssl\modes.h">
      <Filter>openssl</Filter>
    </ClInclude>
    <ClInclude Include="openssl\obj_mac.h">
      <Filter>openssl</Filter>
    </ClInclude>
    <ClInclude Include="openssl\objects.h">
      <Filter>openssl</Filter>
    </ClInclude>
    <ClInclude Include="openssl\ocsp.h">
      <Filter>openssl</Filter>
    </ClInclude>
    <ClInclude Include="openssl\opensslconf.h">
      <Filter>openssl</Filter>
    </ClInclude>
    <ClInclude Include="openssl\opensslv.h">
      <Filter>openssl</Filter>
    </ClInclude>
    <ClInclude Include="openssl\ossl_typ.h">
      <Filter>openssl</Filter>
    </ClInclude>
    <ClInclude Include="openssl\pem.h">
      <Filter>openssl</Filter>
    </ClInclude>
    <ClInclude Include="openssl\pem2.h">
      <Filter>openssl</Filter>
    </ClInclude>
    <ClInclude Include="openssl\pkcs12.h">
      <Filter>openssl</Filter>
    </ClInclude>
    <ClInclude Include="openssl\pkcs7.h">
      <Filter>openssl</Filter>
    </ClInclude>
    <ClInclude Include="openssl\rand.h">
      <Filter>openssl</Filter>
    </ClInclude>
    <ClInclude Include="openssl\rc2.h">
      <Filter>openssl</Filter>
    </ClInclude>
    <ClInclude Include="openssl\rc4.h">
      <Filter>openssl</Filter>
    </ClInclude>
    <ClInclude Include="openssl\ripemd.h">
      <Filter>openssl</Filter>
    </ClInclude>
    <ClInclude Include="openssl\rsa.h">
      <Filter>openssl</Filter>
    </ClInclude>
    <ClInclude Include="openssl\safestack.h">
      <Filter>openssl</Filter>
    </ClInclude>
    <ClInclude Include="openssl\seed.h">
      <Filter>openssl</Filter>
    </ClInclude>
    <ClInclude Include="openssl\sha.h">
      <Filter>openssl</Filter>
    </ClInclude>
    <ClInclude Include="openssl\srp.h">
      <Filter>openssl</Filter>
    </ClInclude>
    <ClInclude Include="openssl\srtp.h">
      <Filter>openssl</Filter>
    </ClInclude>
    <ClInclude Include="openssl\ssl.h">
      <Filter>openssl</Filter>
    </ClInclude>
    <ClInclude Include="openssl\ssl2.h">
      <Filter>openssl</Filter>
    </ClInclude>
    <ClInclude Include="openssl\ssl3.h">
      <Filter>openssl</Filter>
    </ClInclude>
    <ClInclude Include="openssl\stack.h">
      <Filter>openssl</Filter>
    </ClInclude>
    <ClInclude Include="openssl\symhacks.h">
      <Filter>openssl</Filter>
    </ClInclude>
    <ClInclude Include="openssl\tls1.h">
      <Filter>openssl</Filter>
    </ClInclude>
    <ClInclude Include="openssl\ts.h">
      <Filter>openssl</Filter>
    </ClInclude>
    <ClInclude Include="openssl\txt_db.h">
      <Filter>openssl</Filter>
    </ClInclude>
    <ClInclude Include="openssl\ui.h">
      <Filter>openssl</Filter>
    </ClInclude>
    <ClInclude Include="openssl\whrlpool.h">
      <Filter>openssl</Filter>
    </ClInclude>
    <ClInclude Include="openssl\x509.h">
      <Filter>openssl</Filter>
    </ClInclude>
    <ClInclude Include="openssl\x509_vfy.h">
      <Filter>openssl</Filter>
    </ClInclude>
    <ClInclude Include="openssl\x509v3.h">
      <Filter>openssl</Filter>
    </ClInclude>
    <ClInclude Include="zlib\zconf.h">
      <Filter>zlib</Filter>
    </ClInclude>
    <ClInclude Include="zlib\zlib.h">
      <Filter>zlib</Filter>
    </ClInclude>
    <ClInclude Include="intelaes\iaesni.h">
      <Filter>intelaes</Filter>
    </ClInclude>
  </ItemGroup>
</Project>